
Microsoft Visual Studio Solution File, Format Version 12.00
# Visual Studio Version 17
VisualStudioVersion = 17.11.35222.181
MinimumVisualStudioVersion = 10.0.40219.1
Project("{FAE04EC0-301F-11D3-BF4B-00C04F79EFBC}") = "CashAccounting", "CashAccounting.csproj", "{B80197E1-7B7C-4896-A2A8-21EA2858B904}"
EndProject
Global
	GlobalSection(SolutionConfigurationPlatforms) = preSolution
		Debug|Any CPU = Debug|Any CPU
		Release|Any CPU = Release|Any CPU
	EndGlobalSection
	GlobalSection(ProjectConfigurationPlatforms) = postSolution
		{B80197E1-7B7C-4896-A2A8-21EA2858B904}.Debug|Any CPU.ActiveCfg = Debug|Any CPU
		{B80197E1-7B7C-4896-A2A8-21EA2858B904}.Debug|Any CPU.Build.0 = Debug|Any CPU
		{B80197E1-7B7C-4896-A2A8-21EA2858B904}.Release|Any CPU.ActiveCfg = Release|Any CPU
		{B80197E1-7B7C-4896-A2A8-21EA2858B904}.Release|Any CPU.Build.0 = Release|Any CPU
	EndGlobalSection
	GlobalSection(SolutionProperties) = preSolution
		HideSolutionNode = FALSE
	EndGlobalSection
	GlobalSection(ExtensibilityGlobals) = postSolution
		SolutionGuid = {B4C893FB-F391-427E-9780-424A851C14B2}
	EndGlobalSection
EndGlobal
